
Microsoft Visual Studio Solution File, Format Version 12.00
# Visual Studio Version 17
VisualStudioVersion = 17.12.35707.178 d17.12
MinimumVisualStudioVersion = 10.0.40219.1
Project("{FAE04EC0-301F-11D3-BF4B-00C04F79EFBC}") = "NewWebsite", "NewWebsite\NewWebsite.csproj", "{3ADBD4D3-6D5B-49F5-A534-97EB9EF73E00}"
EndProject
Project("{FAE04EC0-301F-11D3-BF4B-00C04F79EFBC}") = "Website.IRepository", "Website.IRepository\Website.IRepository.csproj", "{20288C65-E9B5-4D22-BF46-D5F464F2DC44}"
EndProject
Project("{FAE04EC0-301F-11D3-BF4B-00C04F79EFBC}") = "Website.Model", "Website.Model\Website.Model.csproj", "{08DD9CB0-B541-42C9-83B1-7679CC9F7253}"
EndProject
Project("{FAE04EC0-301F-11D3-BF4B-00C04F79EFBC}") = "Website.Repository", "Website.Repository\Website.Repository.csproj", "{C54E3B95-6E52-419F-B5EC-886743808955}"
EndProject
Global
	GlobalSection(SolutionConfigurationPlatforms) = preSolution
		Debug|Any CPU = Debug|Any CPU
		Release|Any CPU = Release|Any CPU
	EndGlobalSection
	GlobalSection(ProjectConfigurationPlatforms) = postSolution
		{3ADBD4D3-6D5B-49F5-A534-97EB9EF73E00}.Debug|Any CPU.ActiveCfg = Debug|Any CPU
		{3ADBD4D3-6D5B-49F5-A534-97EB9EF73E00}.Debug|Any CPU.Build.0 = Debug|Any CPU
		{3ADBD4D3-6D5B-49F5-A534-97EB9EF73E00}.Release|Any CPU.ActiveCfg = Release|Any CPU
		{3ADBD4D3-6D5B-49F5-A534-97EB9EF73E00}.Release|Any CPU.Build.0 = Release|Any CPU
		{20288C65-E9B5-4D22-BF46-D5F464F2DC44}.Debug|Any CPU.ActiveCfg = Debug|Any CPU
		{20288C65-E9B5-4D22-BF46-D5F464F2DC44}.Debug|Any CPU.Build.0 = Debug|Any CPU
		{20288C65-E9B5-4D22-BF46-D5F464F2DC44}.Release|Any CPU.ActiveCfg = Release|Any CPU
		{20288C65-E9B5-4D22-BF46-D5F464F2DC44}.Release|Any CPU.Build.0 = Release|Any CPU
		{08DD9CB0-B541-42C9-83B1-7679CC9F7253}.Debug|Any CPU.ActiveCfg = Debug|Any CPU
		{08DD9CB0-B541-42C9-83B1-7679CC9F7253}.Debug|Any CPU.Build.0 = Debug|Any CPU
		{08DD9CB0-B541-42C9-83B1-7679CC9F7253}.Release|Any CPU.ActiveCfg = Release|Any CPU
		{08DD9CB0-B541-42C9-83B1-7679CC9F7253}.Release|Any CPU.Build.0 = Release|Any CPU
		{C54E3B95-6E52-419F-B5EC-886743808955}.Debug|Any CPU.ActiveCfg = Debug|Any CPU
		{C54E3B95-6E52-419F-B5EC-886743808955}.Debug|Any CPU.Build.0 = Debug|Any CPU
		{C54E3B95-6E52-419F-B5EC-886743808955}.Release|Any CPU.ActiveCfg = Release|Any CPU
		{C54E3B95-6E52-419F-B5EC-886743808955}.Release|Any CPU.Build.0 = Release|Any CPU
	EndGlobalSection
	GlobalSection(SolutionProperties) = preSolution
		HideSolutionNode = FALSE
	EndGlobalSection
EndGlobal
